// !$*UTF8*$!
{
	archiveVersion = 1;
	classes = {
	};
	objectVersion = 56;
	objects = {

/* Begin PBXBuildFile section */
		AA0000000000000000000101 /* WondApp.swift in Sources */ = {isa = PBXBuildFile; fileRef = AA0000000000000000000201 /* WondApp.swift */; };
		AA0000000000000000000102 /* ContentView.swift in Sources */ = {isa = PBXBuildFile; fileRef = AA0000000000000000000202 /* ContentView.swift */; };
		AA0000000000000000000103 /* CaptureView.swift in Sources */ = {isa = PBXBuildFile; fileRef = AA0000000000000000000203 /* CaptureView.swift */; };
		AA0000000000000000000104 /* CaptureTimelineView.swift in Sources */ = {isa = PBXBuildFile; fileRef = AA0000000000000000000204 /* CaptureTimelineView.swift */; };
		AA0000000000000000000105 /* SettingsView.swift in Sources */ = {isa = PBXBuildFile; fileRef = AA0000000000000000000205 /* SettingsView.swift */; };
		AA0000000000000000000106 /* ShareSheet.swift in Sources */ = {isa = PBXBuildFile; fileRef = AA0000000000000000000206 /* ShareSheet.swift */; };
		AA0000000000000000000107 /* Models.swift in Sources */ = {isa = PBXBuildFile; fileRef = AA0000000000000000000207 /* Models.swift */; };
		AA0000000000000000000108 /* CaptureStore.swift in Sources */ = {isa = PBXBuildFile; fileRef = AA0000000000000000000208 /* CaptureStore.swift */; };
		AA0000000000000000000109 /* WondL10n.swift in Sources */ = {isa = PBXBuildFile; fileRef = AA0000000000000000000209 /* WondL10n.swift */; };
		AA0000000000000000000122 /* CaptureStoreSupport.swift in Sources */ = {isa = PBXBuildFile; fileRef = AA0000000000000000000224 /* CaptureStoreSupport.swift */; };
		AA0000000000000000000110 /* ZipWriter.swift in Sources */ = {isa = PBXBuildFile; fileRef = AA0000000000000000000210 /* ZipWriter.swift */; };
		AA0000000000000000000111 /* Formatters.swift in Sources */ = {isa = PBXBuildFile; fileRef = AA0000000000000000000211 /* Formatters.swift */; };
		AA0000000000000000000112 /* SyncService.swift in Sources */ = {isa = PBXBuildFile; fileRef = AA0000000000000000000213 /* SyncService.swift */; };
		AA0000000000000000000113 /* SpeakerReviewView.swift in Sources */ = {isa = PBXBuildFile; fileRef = AA0000000000000000000214 /* SpeakerReviewView.swift */; };
		AA0000000000000000000114 /* WatchTransferService.swift in Sources */ = {isa = PBXBuildFile; fileRef = AA0000000000000000000215 /* WatchTransferService.swift */; };
		AA0000000000000000000121 /* AskView.swift in Sources */ = {isa = PBXBuildFile; fileRef = AA0000000000000000000222 /* AskView.swift */; };
		AA0000000000000000000115 /* WondWatchApp.swift in Sources */ = {isa = PBXBuildFile; fileRef = AA0000000000000000000216 /* WondWatchApp.swift */; };
		AA0000000000000000000116 /* WatchCaptureView.swift in Sources */ = {isa = PBXBuildFile; fileRef = AA0000000000000000000217 /* WatchCaptureView.swift */; };
		AA0000000000000000000117 /* WatchRecorder.swift in Sources */ = {isa = PBXBuildFile; fileRef = AA0000000000000000000218 /* WatchRecorder.swift */; };
		AA0000000000000000000118 /* WondWatchApp.app in Embed Watch Content */ = {isa = PBXBuildFile; fileRef = AA0000000000000000000302 /* WondWatchApp.app */; settings = {ATTRIBUTES = (RemoveHeadersOnCopy, ); }; };
		AA0000000000000000000119 /* Assets.xcassets in Resources */ = {isa = PBXBuildFile; fileRef = AA0000000000000000000220 /* Assets.xcassets */; };
		AA0000000000000000000120 /* Assets.xcassets in Resources */ = {isa = PBXBuildFile; fileRef = AA0000000000000000000221 /* Assets.xcassets */; };
		AA0000000000000000000123 /* Localizable.strings in Resources */ = {isa = PBXBuildFile; fileRef = AA0000000000000000000226 /* Localizable.strings */; };
		AA0000000000000000000124 /* Localizable.strings in Resources */ = {isa = PBXBuildFile; fileRef = AA0000000000000000000226 /* Localizable.strings */; };
		AA0000000000000000000125 /* InfoPlist.strings in Resources */ = {isa = PBXBuildFile; fileRef = AA0000000000000000000230 /* InfoPlist.strings */; };
/* End PBXBuildFile section */

/* Begin PBXContainerItemProxy section */
		AA0000000000000000000604 /* PBXContainerItemProxy */ = {
			isa = PBXContainerItemProxy;
			containerPortal = AA0000000000000000000801 /* Project object */;
			proxyType = 1;
			remoteGlobalIDString = AA0000000000000000000602;
			remoteInfo = WondWatchApp;
		};
/* End PBXContainerItemProxy section */

/* Begin PBXCopyFilesBuildPhase section */
		AA0000000000000000000706 /* Embed Watch Content */ = {
			isa = PBXCopyFilesBuildPhase;
			buildActionMask = 2147483647;
			dstPath = "$(CONTENTS_FOLDER_PATH)/Watch";
			dstSubfolderSpec = 16;
			files = (
				AA0000000000000000000118 /* WondWatchApp.app in Embed Watch Content */,
			);
			name = "Embed Watch Content";
			runOnlyForDeploymentPostprocessing = 0;
		};
/* End PBXCopyFilesBuildPhase section */

/* Begin PBXFileReference section */
		AA0000000000000000000201 /* WondApp.swift */ = {isa = PBXFileReference; lastKnownFileType = sourcecode.swift; path = WondApp.swift; sourceTree = "<group>"; };
		AA0000000000000000000202 /* ContentView.swift */ = {isa = PBXFileReference; lastKnownFileType = sourcecode.swift; path = ContentView.swift; sourceTree = "<group>"; };
		AA0000000000000000000203 /* CaptureView.swift */ = {isa = PBXFileReference; lastKnownFileType = sourcecode.swift; path = CaptureView.swift; sourceTree = "<group>"; };
		AA0000000000000000000204 /* CaptureTimelineView.swift */ = {isa = PBXFileReference; lastKnownFileType = sourcecode.swift; path = CaptureTimelineView.swift; sourceTree = "<group>"; };
		AA0000000000000000000205 /* SettingsView.swift */ = {isa = PBXFileReference; lastKnownFileType = sourcecode.swift; path = SettingsView.swift; sourceTree = "<group>"; };
		AA0000000000000000000206 /* ShareSheet.swift */ = {isa = PBXFileReference; lastKnownFileType = sourcecode.swift; path = ShareSheet.swift; sourceTree = "<group>"; };
		AA0000000000000000000207 /* Models.swift */ = {isa = PBXFileReference; lastKnownFileType = sourcecode.swift; path = Models.swift; sourceTree = "<group>"; };
		AA0000000000000000000208 /* CaptureStore.swift */ = {isa = PBXFileReference; lastKnownFileType = sourcecode.swift; path = CaptureStore.swift; sourceTree = "<group>"; };
		AA0000000000000000000209 /* WondL10n.swift */ = {isa = PBXFileReference; lastKnownFileType = sourcecode.swift; path = WondL10n.swift; sourceTree = "<group>"; };
		AA0000000000000000000224 /* CaptureStoreSupport.swift */ = {isa = PBXFileReference; lastKnownFileType = sourcecode.swift; path = CaptureStoreSupport.swift; sourceTree = "<group>"; };
		AA0000000000000000000210 /* ZipWriter.swift */ = {isa = PBXFileReference; lastKnownFileType = sourcecode.swift; path = ZipWriter.swift; sourceTree = "<group>"; };
		AA0000000000000000000211 /* Formatters.swift */ = {isa = PBXFileReference; lastKnownFileType = sourcecode.swift; path = Formatters.swift; sourceTree = "<group>"; };
		AA0000000000000000000212 /* Info.plist */ = {isa = PBXFileReference; lastKnownFileType = text.plist.xml; path = Info.plist; sourceTree = "<group>"; };
		AA0000000000000000000213 /* SyncService.swift */ = {isa = PBXFileReference; lastKnownFileType = sourcecode.swift; path = SyncService.swift; sourceTree = "<group>"; };
		AA0000000000000000000214 /* SpeakerReviewView.swift */ = {isa = PBXFileReference; lastKnownFileType = sourcecode.swift; path = SpeakerReviewView.swift; sourceTree = "<group>"; };
		AA0000000000000000000215 /* WatchTransferService.swift */ = {isa = PBXFileReference; lastKnownFileType = sourcecode.swift; path = WatchTransferService.swift; sourceTree = "<group>"; };
		AA0000000000000000000222 /* AskView.swift */ = {isa = PBXFileReference; lastKnownFileType = sourcecode.swift; path = AskView.swift; sourceTree = "<group>"; };
		AA0000000000000000000216 /* WondWatchApp.swift */ = {isa = PBXFileReference; lastKnownFileType = sourcecode.swift; path = WondWatchApp.swift; sourceTree = "<group>"; };
		AA0000000000000000000217 /* WatchCaptureView.swift */ = {isa = PBXFileReference; lastKnownFileType = sourcecode.swift; path = WatchCaptureView.swift; sourceTree = "<group>"; };
		AA0000000000000000000218 /* WatchRecorder.swift */ = {isa = PBXFileReference; lastKnownFileType = sourcecode.swift; path = WatchRecorder.swift; sourceTree = "<group>"; };
		AA0000000000000000000219 /* Info.plist */ = {isa = PBXFileReference; lastKnownFileType = text.plist.xml; path = Info.plist; sourceTree = "<group>"; };
		AA0000000000000000000220 /* Assets.xcassets */ = {isa = PBXFileReference; lastKnownFileType = folder.assetcatalog; path = Assets.xcassets; sourceTree = "<group>"; };
		AA0000000000000000000221 /* Assets.xcassets */ = {isa = PBXFileReference; lastKnownFileType = folder.assetcatalog; path = Assets.xcassets; sourceTree = "<group>"; };
		AA0000000000000000000223 /* Signing.xcconfig */ = {isa = PBXFileReference; lastKnownFileType = text.xcconfig; path = Signing.xcconfig; sourceTree = "<group>"; };
		AA0000000000000000000225 /* Version.xcconfig */ = {isa = PBXFileReference; lastKnownFileType = text.xcconfig; path = Version.xcconfig; sourceTree = "<group>"; };
		AA0000000000000000000227 /* zh-Hans */ = {isa = PBXFileReference; lastKnownFileType = text.plist.strings; name = "zh-Hans"; path = "zh-Hans.lproj/Localizable.strings"; sourceTree = "<group>"; };
		AA0000000000000000000228 /* ja */ = {isa = PBXFileReference; lastKnownFileType = text.plist.strings; name = ja; path = ja.lproj/Localizable.strings; sourceTree = "<group>"; };
		AA0000000000000000000229 /* ko */ = {isa = PBXFileReference; lastKnownFileType = text.plist.strings; name = ko; path = ko.lproj/Localizable.strings; sourceTree = "<group>"; };
		AA0000000000000000000231 /* zh-Hans */ = {isa = PBXFileReference; lastKnownFileType = text.plist.strings; name = "zh-Hans"; path = "zh-Hans.lproj/InfoPlist.strings"; sourceTree = "<group>"; };
		AA0000000000000000000232 /* ja */ = {isa = PBXFileReference; lastKnownFileType = text.plist.strings; name = ja; path = ja.lproj/InfoPlist.strings; sourceTree = "<group>"; };
		AA0000000000000000000233 /* ko */ = {isa = PBXFileReference; lastKnownFileType = text.plist.strings; name = ko; path = ko.lproj/InfoPlist.strings; sourceTree = "<group>"; };
		AA0000000000000000000301 /* Wond.app */ = {isa = PBXFileReference; explicitFileType = wrapper.application; includeInIndex = 0; path = Wond.app; sourceTree = BUILT_PRODUCTS_DIR; };
		AA0000000000000000000302 /* WondWatchApp.app */ = {isa = PBXFileReference; explicitFileType = wrapper.application; includeInIndex = 0; path = WondWatchApp.app; sourceTree = BUILT_PRODUCTS_DIR; };
/* End PBXFileReference section */

/* Begin PBXFrameworksBuildPhase section */
		AA0000000000000000000401 /* Frameworks */ = {
			isa = PBXFrameworksBuildPhase;
			buildActionMask = 2147483647;
			files = (
			);
			runOnlyForDeploymentPostprocessing = 0;
		};
		AA0000000000000000000402 /* Frameworks */ = {
			isa = PBXFrameworksBuildPhase;
			buildActionMask = 2147483647;
			files = (
			);
			runOnlyForDeploymentPostprocessing = 0;
		};
/* End PBXFrameworksBuildPhase section */

/* Begin PBXGroup section */
		AA0000000000000000000501 = {
			isa = PBXGroup;
			children = (
				AA0000000000000000000502 /* Wond */,
				AA0000000000000000000504 /* WondWatchApp */,
				AA0000000000000000000505 /* Config */,
				AA0000000000000000000503 /* Products */,
			);
			sourceTree = "<group>";
		};
		AA0000000000000000000502 /* Wond */ = {
			isa = PBXGroup;
			children = (
				AA0000000000000000000201 /* WondApp.swift */,
				AA0000000000000000000202 /* ContentView.swift */,
				AA0000000000000000000203 /* CaptureView.swift */,
				AA0000000000000000000204 /* CaptureTimelineView.swift */,
				AA0000000000000000000205 /* SettingsView.swift */,
				AA0000000000000000000206 /* ShareSheet.swift */,
				AA0000000000000000000207 /* Models.swift */,
				AA0000000000000000000208 /* CaptureStore.swift */,
				AA0000000000000000000209 /* WondL10n.swift */,
				AA0000000000000000000224 /* CaptureStoreSupport.swift */,
				AA0000000000000000000213 /* SyncService.swift */,
				AA0000000000000000000215 /* WatchTransferService.swift */,
				AA0000000000000000000222 /* AskView.swift */,
				AA0000000000000000000214 /* SpeakerReviewView.swift */,
				AA0000000000000000000210 /* ZipWriter.swift */,
				AA0000000000000000000211 /* Formatters.swift */,
				AA0000000000000000000226 /* Localizable.strings */,
				AA0000000000000000000230 /* InfoPlist.strings */,
				AA0000000000000000000220 /* Assets.xcassets */,
				AA0000000000000000000212 /* Info.plist */,
			);
			path = Wond;
			sourceTree = "<group>";
		};
		AA0000000000000000000503 /* Products */ = {
			isa = PBXGroup;
			children = (
				AA0000000000000000000301 /* Wond.app */,
				AA0000000000000000000302 /* WondWatchApp.app */,
			);
			name = Products;
			sourceTree = "<group>";
		};
		AA0000000000000000000504 /* WondWatchApp */ = {
			isa = PBXGroup;
			children = (
				AA0000000000000000000216 /* WondWatchApp.swift */,
				AA0000000000000000000217 /* WatchCaptureView.swift */,
				AA0000000000000000000218 /* WatchRecorder.swift */,
				AA0000000000000000000221 /* Assets.xcassets */,
				AA0000000000000000000219 /* Info.plist */,
			);
			path = WondWatchApp;
			sourceTree = "<group>";
		};
		AA0000000000000000000505 /* Config */ = {
			isa = PBXGroup;
			children = (
				AA0000000000000000000225 /* Version.xcconfig */,
				AA0000000000000000000223 /* Signing.xcconfig */,
			);
			path = Config;
			sourceTree = "<group>";
		};
/* End PBXGroup section */

/* Begin PBXNativeTarget section */
		AA0000000000000000000601 /* Wond */ = {
			isa = PBXNativeTarget;
			buildConfigurationList = AA0000000000000000000902 /* Build configuration list for PBXNativeTarget "Wond" */;
			buildPhases = (
				AA0000000000000000000701 /* Sources */,
				AA0000000000000000000401 /* Frameworks */,
				AA0000000000000000000702 /* Resources */,
				AA0000000000000000000706 /* Embed Watch Content */,
			);
			buildRules = (
			);
			dependencies = (
				AA0000000000000000000603 /* PBXTargetDependency */,
			);
			name = Wond;
			productName = Wond;
			productReference = AA0000000000000000000301 /* Wond.app */;
			productType = "com.apple.product-type.application";
		};
		AA0000000000000000000602 /* WondWatchApp */ = {
			isa = PBXNativeTarget;
			buildConfigurationList = AA0000000000000000000903 /* Build configuration list for PBXNativeTarget "WondWatchApp" */;
			buildPhases = (
				AA0000000000000000000703 /* Sources */,
				AA0000000000000000000402 /* Frameworks */,
				AA0000000000000000000705 /* Resources */,
			);
			buildRules = (
			);
			dependencies = (
			);
			name = WondWatchApp;
			productName = WondWatchApp;
			productReference = AA0000000000000000000302 /* WondWatchApp.app */;
			productType = "com.apple.product-type.application";
		};
/* End PBXNativeTarget section */

/* Begin PBXProject section */
		AA0000000000000000000801 /* Project object */ = {
			isa = PBXProject;
			attributes = {
				BuildIndependentTargetsInParallel = 1;
				LastSwiftUpdateCheck = 2600;
				LastUpgradeCheck = 2600;
				TargetAttributes = {
					AA0000000000000000000601 = {
						CreatedOnToolsVersion = 26.5;
					};
					AA0000000000000000000602 = {
						CreatedOnToolsVersion = 26.5;
					};
				};
			};
			buildConfigurationList = AA0000000000000000000901 /* Build configuration list for PBXProject "Wond" */;
			compatibilityVersion = "Xcode 14.0";
			developmentRegion = en;
			hasScannedForEncodings = 0;
			knownRegions = (
				en,
				Base,
				"zh-Hans",
				ja,
				ko,
			);
			mainGroup = AA0000000000000000000501;
			productRefGroup = AA0000000000000000000503 /* Products */;
			projectDirPath = "";
			projectRoot = "";
			targets = (
				AA0000000000000000000601 /* Wond */,
				AA0000000000000000000602 /* WondWatchApp */,
			);
		};
/* End PBXProject section */

/* Begin PBXResourcesBuildPhase section */
		AA0000000000000000000702 /* Resources */ = {
			isa = PBXResourcesBuildPhase;
			buildActionMask = 2147483647;
			files = (
				AA0000000000000000000119 /* Assets.xcassets in Resources */,
				AA0000000000000000000123 /* Localizable.strings in Resources */,
				AA0000000000000000000125 /* InfoPlist.strings in Resources */,
			);
			runOnlyForDeploymentPostprocessing = 0;
		};
		AA0000000000000000000705 /* Resources */ = {
			isa = PBXResourcesBuildPhase;
			buildActionMask = 2147483647;
			files = (
				AA0000000000000000000120 /* Assets.xcassets in Resources */,
				AA0000000000000000000124 /* Localizable.strings in Resources */,
			);
			runOnlyForDeploymentPostprocessing = 0;
		};
/* End PBXResourcesBuildPhase section */

/* Begin PBXSourcesBuildPhase section */
		AA0000000000000000000701 /* Sources */ = {
			isa = PBXSourcesBuildPhase;
			buildActionMask = 2147483647;
			files = (
				AA0000000000000000000101 /* WondApp.swift in Sources */,
				AA0000000000000000000102 /* ContentView.swift in Sources */,
				AA0000000000000000000103 /* CaptureView.swift in Sources */,
				AA0000000000000000000104 /* CaptureTimelineView.swift in Sources */,
				AA0000000000000000000105 /* SettingsView.swift in Sources */,
				AA0000000000000000000106 /* ShareSheet.swift in Sources */,
				AA0000000000000000000107 /* Models.swift in Sources */,
				AA0000000000000000000108 /* CaptureStore.swift in Sources */,
				AA0000000000000000000109 /* WondL10n.swift in Sources */,
				AA0000000000000000000122 /* CaptureStoreSupport.swift in Sources */,
				AA0000000000000000000112 /* SyncService.swift in Sources */,
				AA0000000000000000000114 /* WatchTransferService.swift in Sources */,
				AA0000000000000000000121 /* AskView.swift in Sources */,
				AA0000000000000000000113 /* SpeakerReviewView.swift in Sources */,
				AA0000000000000000000110 /* ZipWriter.swift in Sources */,
				AA0000000000000000000111 /* Formatters.swift in Sources */,
			);
			runOnlyForDeploymentPostprocessing = 0;
		};
		AA0000000000000000000703 /* Sources */ = {
			isa = PBXSourcesBuildPhase;
			buildActionMask = 2147483647;
			files = (
				AA0000000000000000000115 /* WondWatchApp.swift in Sources */,
				AA0000000000000000000116 /* WatchCaptureView.swift in Sources */,
				AA0000000000000000000117 /* WatchRecorder.swift in Sources */,
			);
			runOnlyForDeploymentPostprocessing = 0;
		};
/* End PBXSourcesBuildPhase section */

/* Begin PBXTargetDependency section */
		AA0000000000000000000603 /* PBXTargetDependency */ = {
			isa = PBXTargetDependency;
			target = AA0000000000000000000602 /* WondWatchApp */;
			targetProxy = AA0000000000000000000604 /* PBXContainerItemProxy */;
		};
/* End PBXTargetDependency section */

/* Begin PBXVariantGroup section */
		AA0000000000000000000226 /* Localizable.strings */ = {
			isa = PBXVariantGroup;
			children = (
				AA0000000000000000000227 /* zh-Hans */,
				AA0000000000000000000228 /* ja */,
				AA0000000000000000000229 /* ko */,
			);
			name = Localizable.strings;
			sourceTree = "<group>";
		};
		AA0000000000000000000230 /* InfoPlist.strings */ = {
			isa = PBXVariantGroup;
			children = (
				AA0000000000000000000231 /* zh-Hans */,
				AA0000000000000000000232 /* ja */,
				AA0000000000000000000233 /* ko */,
			);
			name = InfoPlist.strings;
			sourceTree = "<group>";
		};
/* End PBXVariantGroup section */

/* Begin XCBuildConfiguration section */
		AA0000000000000000001001 /* Debug */ = {
			isa = XCBuildConfiguration;
			buildSettings = {
				ALWAYS_SEARCH_USER_PATHS = NO;
				CLANG_ANALYZER_NONNULL = YES;
				CLANG_ANALYZER_NUMBER_OBJECT_CONVERSION = YES_AGGRESSIVE;
				CLANG_CXX_LANGUAGE_STANDARD = "gnu++20";
				CLANG_ENABLE_MODULES = YES;
				CLANG_ENABLE_OBJC_ARC = YES;
				CLANG_ENABLE_OBJC_WEAK = YES;
				CLANG_WARN_BLOCK_CAPTURE_AUTORELEASING = YES;
				CLANG_WARN_BOOL_CONVERSION = YES;
				CLANG_WARN_COMMA = YES;
				CLANG_WARN_CONSTANT_CONVERSION = YES;
				CLANG_WARN_DEPRECATED_OBJC_IMPLEMENTATIONS = YES;
				CLANG_WARN_DIRECT_OBJC_ISA_USAGE = YES_ERROR;
				CLANG_WARN_DOCUMENTATION_COMMENTS = YES;
				CLANG_WARN_EMPTY_BODY = YES;
				CLANG_WARN_ENUM_CONVERSION = YES;
				CLANG_WARN_INFINITE_RECURSION = YES;
				CLANG_WARN_INT_CONVERSION = YES;
				CLANG_WARN_NON_LITERAL_NULL_CONVERSION = YES;
				CLANG_WARN_OBJC_IMPLICIT_RETAIN_SELF = YES;
				CLANG_WARN_OBJC_LITERAL_CONVERSION = YES;
				CLANG_WARN_OBJC_ROOT_CLASS = YES_ERROR;
				CLANG_WARN_QUOTED_INCLUDE_IN_FRAMEWORK_HEADER = YES;
				CLANG_WARN_RANGE_LOOP_ANALYSIS = YES;
				CLANG_WARN_STRICT_PROTOTYPES = YES;
				CLANG_WARN_SUSPICIOUS_MOVE = YES;
				CLANG_WARN_UNGUARDED_AVAILABILITY = YES_AGGRESSIVE;
				CLANG_WARN_UNREACHABLE_CODE = YES;
				CLANG_WARN__DUPLICATE_METHOD_MATCH = YES;
				COPY_PHASE_STRIP = NO;
				DEBUG_INFORMATION_FORMAT = dwarf;
				ENABLE_STRICT_OBJC_MSGSEND = YES;
				ENABLE_TESTABILITY = YES;
				ENABLE_USER_SCRIPT_SANDBOXING = YES;
				GCC_C_LANGUAGE_STANDARD = gnu17;
				GCC_DYNAMIC_NO_PIC = NO;
				GCC_NO_COMMON_BLOCKS = YES;
				GCC_OPTIMIZATION_LEVEL = 0;
				GCC_PREPROCESSOR_DEFINITIONS = (
					"DEBUG=1",
					"$(inherited)",
				);
				GCC_WARN_64_TO_32_BIT_CONVERSION = YES;
				GCC_WARN_ABOUT_RETURN_TYPE = YES_ERROR;
				GCC_WARN_UNDECLARED_SELECTOR = YES;
				GCC_WARN_UNINITIALIZED_AUTOS = YES_AGGRESSIVE;
				GCC_WARN_UNUSED_FUNCTION = YES;
				GCC_WARN_UNUSED_VARIABLE = YES;
				IPHONEOS_DEPLOYMENT_TARGET = 17.0;
				MTL_ENABLE_DEBUG_INFO = INCLUDE_SOURCE;
				MTL_FAST_MATH = YES;
				ONLY_ACTIVE_ARCH = YES;
				SDKROOT = iphoneos;
				SWIFT_ACTIVE_COMPILATION_CONDITIONS = DEBUG;
				SWIFT_OPTIMIZATION_LEVEL = "-Onone";
			};
			name = Debug;
		};
		AA0000000000000000001002 /* Release */ = {
			isa = XCBuildConfiguration;
			buildSettings = {
				ALWAYS_SEARCH_USER_PATHS = NO;
				CLANG_ANALYZER_NONNULL = YES;
				CLANG_ANALYZER_NUMBER_OBJECT_CONVERSION = YES_AGGRESSIVE;
				CLANG_CXX_LANGUAGE_STANDARD = "gnu++20";
				CLANG_ENABLE_MODULES = YES;
				CLANG_ENABLE_OBJC_ARC = YES;
				CLANG_ENABLE_OBJC_WEAK = YES;
				CLANG_WARN_BLOCK_CAPTURE_AUTORELEASING = YES;
				CLANG_WARN_BOOL_CONVERSION = YES;
				CLANG_WARN_COMMA = YES;
				CLANG_WARN_CONSTANT_CONVERSION = YES;
				CLANG_WARN_DEPRECATED_OBJC_IMPLEMENTATIONS = YES;
				CLANG_WARN_DIRECT_OBJC_ISA_USAGE = YES_ERROR;
				CLANG_WARN_DOCUMENTATION_COMMENTS = YES;
				CLANG_WARN_EMPTY_BODY = YES;
				CLANG_WARN_ENUM_CONVERSION = YES;
				CLANG_WARN_INFINITE_RECURSION = YES;
				CLANG_WARN_INT_CONVERSION = YES;
				CLANG_WARN_NON_LITERAL_NULL_CONVERSION = YES;
				CLANG_WARN_OBJC_IMPLICIT_RETAIN_SELF = YES;
				CLANG_WARN_OBJC_LITERAL_CONVERSION = YES;
				CLANG_WARN_OBJC_ROOT_CLASS = YES_ERROR;
				CLANG_WARN_QUOTED_INCLUDE_IN_FRAMEWORK_HEADER = YES;
				CLANG_WARN_RANGE_LOOP_ANALYSIS = YES;
				CLANG_WARN_STRICT_PROTOTYPES = YES;
				CLANG_WARN_SUSPICIOUS_MOVE = YES;
				CLANG_WARN_UNGUARDED_AVAILABILITY = YES_AGGRESSIVE;
				CLANG_WARN_UNREACHABLE_CODE = YES;
				CLANG_WARN__DUPLICATE_METHOD_MATCH = YES;
				COPY_PHASE_STRIP = NO;
				DEBUG_INFORMATION_FORMAT = "dwarf-with-dsym";
				ENABLE_NS_ASSERTIONS = NO;
				ENABLE_STRICT_OBJC_MSGSEND = YES;
				ENABLE_USER_SCRIPT_SANDBOXING = YES;
				GCC_C_LANGUAGE_STANDARD = gnu17;
				GCC_NO_COMMON_BLOCKS = YES;
				GCC_WARN_64_TO_32_BIT_CONVERSION = YES;
				GCC_WARN_ABOUT_RETURN_TYPE = YES_ERROR;
				GCC_WARN_UNDECLARED_SELECTOR = YES;
				GCC_WARN_UNINITIALIZED_AUTOS = YES_AGGRESSIVE;
				GCC_WARN_UNUSED_FUNCTION = YES;
				GCC_WARN_UNUSED_VARIABLE = YES;
				IPHONEOS_DEPLOYMENT_TARGET = 17.0;
				MTL_ENABLE_DEBUG_INFO = NO;
				MTL_FAST_MATH = YES;
				SDKROOT = iphoneos;
				SWIFT_COMPILATION_MODE = wholemodule;
				SWIFT_OPTIMIZATION_LEVEL = "-O";
				VALIDATE_PRODUCT = YES;
			};
			name = Release;
		};
		AA0000000000000000001003 /* Debug */ = {
			isa = XCBuildConfiguration;
			baseConfigurationReference = AA0000000000000000000223 /* Signing.xcconfig */;
			buildSettings = {
				ASSETCATALOG_COMPILER_APPICON_NAME = AppIcon;
				CODE_SIGN_STYLE = Automatic;
				CURRENT_PROJECT_VERSION = "$(WOND_CURRENT_PROJECT_VERSION)";
				DEVELOPMENT_TEAM = "$(WOND_DEVELOPMENT_TEAM)";
				GENERATE_INFOPLIST_FILE = NO;
				INFOPLIST_FILE = Wond/Info.plist;
				IPHONEOS_DEPLOYMENT_TARGET = 17.0;
				LD_RUNPATH_SEARCH_PATHS = (
					"$(inherited)",
					"@executable_path/Frameworks",
				);
				MARKETING_VERSION = "$(WOND_MARKETING_VERSION)";
				PRODUCT_BUNDLE_IDENTIFIER = "$(WOND_IOS_BUNDLE_ID)";
				PRODUCT_NAME = "$(TARGET_NAME)";
				SUPPORTED_PLATFORMS = "iphoneos iphonesimulator";
				SWIFT_EMIT_LOC_STRINGS = YES;
				SWIFT_VERSION = 5.0;
				TARGETED_DEVICE_FAMILY = 1;
			};
			name = Debug;
		};
		AA0000000000000000001004 /* Release */ = {
			isa = XCBuildConfiguration;
			baseConfigurationReference = AA0000000000000000000223 /* Signing.xcconfig */;
			buildSettings = {
				ASSETCATALOG_COMPILER_APPICON_NAME = AppIcon;
				CODE_SIGN_STYLE = Automatic;
				CURRENT_PROJECT_VERSION = "$(WOND_CURRENT_PROJECT_VERSION)";
				DEVELOPMENT_TEAM = "$(WOND_DEVELOPMENT_TEAM)";
				GENERATE_INFOPLIST_FILE = NO;
				INFOPLIST_FILE = Wond/Info.plist;
				IPHONEOS_DEPLOYMENT_TARGET = 17.0;
				LD_RUNPATH_SEARCH_PATHS = (
					"$(inherited)",
					"@executable_path/Frameworks",
				);
				MARKETING_VERSION = "$(WOND_MARKETING_VERSION)";
				PRODUCT_BUNDLE_IDENTIFIER = "$(WOND_IOS_BUNDLE_ID)";
				PRODUCT_NAME = "$(TARGET_NAME)";
				SUPPORTED_PLATFORMS = "iphoneos iphonesimulator";
				SWIFT_EMIT_LOC_STRINGS = YES;
				SWIFT_VERSION = 5.0;
				TARGETED_DEVICE_FAMILY = 1;
			};
			name = Release;
		};
		AA0000000000000000001005 /* Debug */ = {
			isa = XCBuildConfiguration;
			baseConfigurationReference = AA0000000000000000000223 /* Signing.xcconfig */;
			buildSettings = {
				ASSETCATALOG_COMPILER_APPICON_NAME = AppIcon;
				CODE_SIGN_STYLE = Automatic;
				CURRENT_PROJECT_VERSION = "$(WOND_CURRENT_PROJECT_VERSION)";
				DEVELOPMENT_TEAM = "$(WOND_DEVELOPMENT_TEAM)";
				GENERATE_INFOPLIST_FILE = NO;
				INFOPLIST_FILE = WondWatchApp/Info.plist;
				LD_RUNPATH_SEARCH_PATHS = (
					"$(inherited)",
					"@executable_path/Frameworks",
				);
				MARKETING_VERSION = "$(WOND_MARKETING_VERSION)";
				PRODUCT_BUNDLE_IDENTIFIER = "$(WOND_WATCH_BUNDLE_ID)";
				PRODUCT_NAME = "$(TARGET_NAME)";
				SDKROOT = watchos;
				SKIP_INSTALL = YES;
				SUPPORTED_PLATFORMS = "watchos watchsimulator";
				SWIFT_EMIT_LOC_STRINGS = YES;
				SWIFT_VERSION = 5.0;
				TARGETED_DEVICE_FAMILY = 4;
				WATCHOS_DEPLOYMENT_TARGET = 9.0;
			};
			name = Debug;
		};
		AA0000000000000000001006 /* Release */ = {
			isa = XCBuildConfiguration;
			baseConfigurationReference = AA0000000000000000000223 /* Signing.xcconfig */;
			buildSettings = {
				ASSETCATALOG_COMPILER_APPICON_NAME = AppIcon;
				CODE_SIGN_STYLE = Automatic;
				CURRENT_PROJECT_VERSION = "$(WOND_CURRENT_PROJECT_VERSION)";
				DEVELOPMENT_TEAM = "$(WOND_DEVELOPMENT_TEAM)";
				GENERATE_INFOPLIST_FILE = NO;
				INFOPLIST_FILE = WondWatchApp/Info.plist;
				LD_RUNPATH_SEARCH_PATHS = (
					"$(inherited)",
					"@executable_path/Frameworks",
				);
				MARKETING_VERSION = "$(WOND_MARKETING_VERSION)";
				PRODUCT_BUNDLE_IDENTIFIER = "$(WOND_WATCH_BUNDLE_ID)";
				PRODUCT_NAME = "$(TARGET_NAME)";
				SDKROOT = watchos;
				SKIP_INSTALL = YES;
				SUPPORTED_PLATFORMS = "watchos watchsimulator";
				SWIFT_EMIT_LOC_STRINGS = YES;
				SWIFT_VERSION = 5.0;
				TARGETED_DEVICE_FAMILY = 4;
				WATCHOS_DEPLOYMENT_TARGET = 9.0;
			};
			name = Release;
		};
/* End XCBuildConfiguration section */

/* Begin XCConfigurationList section */
		AA0000000000000000000901 /* Build configuration list for PBXProject "Wond" */ = {
			isa = XCConfigurationList;
			buildConfigurations = (
				AA0000000000000000001001 /* Debug */,
				AA0000000000000000001002 /* Release */,
			);
			defaultConfigurationIsVisible = 0;
			defaultConfigurationName = Release;
		};
		AA0000000000000000000902 /* Build configuration list for PBXNativeTarget "Wond" */ = {
			isa = XCConfigurationList;
			buildConfigurations = (
				AA0000000000000000001003 /* Debug */,
				AA0000000000000000001004 /* Release */,
			);
			defaultConfigurationIsVisible = 0;
			defaultConfigurationName = Release;
		};
		AA0000000000000000000903 /* Build configuration list for PBXNativeTarget "WondWatchApp" */ = {
			isa = XCConfigurationList;
			buildConfigurations = (
				AA0000000000000000001005 /* Debug */,
				AA0000000000000000001006 /* Release */,
			);
			defaultConfigurationIsVisible = 0;
			defaultConfigurationName = Release;
		};
/* End XCConfigurationList section */
	};
	rootObject = AA0000000000000000000801 /* Project object */;
}
